
Microsoft Visual Studio Solution File, Format Version 12.00
# Visual Studio Version 16
VisualStudioVersion = 16.0.29609.76
MinimumVisualStudioVersion = 10.0.40219.1
Project("{FAE04EC0-301F-11D3-BF4B-00C04F79EFBC}") = "CaioOliveira.IBGE", "CaioOliveira.IBGE\CaioOliveira.IBGE.csproj", "{361B531A-7E79-4661-96E8-FC341C72EB61}"
EndProject
Project("{2150E333-8FDC-42A3-9474-1A3956D46DE8}") = "Test", "Test", "{5A407AB0-75D9-42D8-9F2E-A82A7E7D8187}"
EndProject
Project("{FAE04EC0-301F-11D3-BF4B-00C04F79EFBC}") = "CaioOliveira.IBGE.Test", "CaioOliveira.IBGE.Test\CaioOliveira.IBGE.Test.csproj", "{A181D66C-65BD-4E3C-9C88-79C0B94F93F3}"
EndProject
Global
	GlobalSection(SolutionConfigurationPlatforms) = preSolution
		Debug|Any CPU = Debug|Any CPU
		Release|Any CPU = Release|Any CPU
	EndGlobalSection
	GlobalSection(ProjectConfigurationPlatforms) = postSolution
		{361B531A-7E79-4661-96E8-FC341C72EB61}.Debug|Any CPU.ActiveCfg = Debug|Any CPU
		{361B531A-7E79-4661-96E8-FC341C72EB61}.Debug|Any CPU.Build.0 = Debug|Any CPU
		{361B531A-7E79-4661-96E8-FC341C72EB61}.Release|Any CPU.ActiveCfg = Release|Any CPU
		{361B531A-7E79-4661-96E8-FC341C72EB61}.Release|Any CPU.Build.0 = Release|Any CPU
		{A181D66C-65BD-4E3C-9C88-79C0B94F93F3}.Debug|Any CPU.ActiveCfg = Debug|Any CPU
		{A181D66C-65BD-4E3C-9C88-79C0B94F93F3}.Debug|Any CPU.Build.0 = Debug|Any CPU
		{A181D66C-65BD-4E3C-9C88-79C0B94F93F3}.Release|Any CPU.ActiveCfg = Release|Any CPU
		{A181D66C-65BD-4E3C-9C88-79C0B94F93F3}.Release|Any CPU.Build.0 = Release|Any CPU
	EndGlobalSection
	GlobalSection(SolutionProperties) = preSolution
		HideSolutionNode = FALSE
	EndGlobalSection
	GlobalSection(NestedProjects) = preSolution
		{A181D66C-65BD-4E3C-9C88-79C0B94F93F3} = {5A407AB0-75D9-42D8-9F2E-A82A7E7D8187}
	EndGlobalSection
	GlobalSection(ExtensibilityGlobals) = postSolution
		SolutionGuid = {A8A16227-ADAD-4075-9671-1916A0C5C0EA}
	EndGlobalSection
EndGlobal
